
Microsoft Visual Studio Solution File, Format Version 12.00
# Visual Studio Version 17
VisualStudioVersion = 17.3.32929.385
MinimumVisualStudioVersion = 10.0.40219.1
Project("{FAE04EC0-301F-11D3-BF4B-00C04F79EFBC}") = "WallsCreate", "WallsCreate.csproj", "{DD53932B-516F-44AE-9A00-118E303BDE22}"
EndProject
Global
	GlobalSection(SolutionConfigurationPlatforms) = preSolution
		Debug|Any CPU = Debug|Any CPU
		Release|Any CPU = Release|Any CPU
	EndGlobalSection
	GlobalSection(ProjectConfigurationPlatforms) = postSolution
		{DD53932B-516F-44AE-9A00-118E303BDE22}.Debug|Any CPU.ActiveCfg = Debug|Any CPU
		{DD53932B-516F-44AE-9A00-118E303BDE22}.Debug|Any CPU.Build.0 = Debug|Any CPU
		{DD53932B-516F-44AE-9A00-118E303BDE22}.Release|Any CPU.ActiveCfg = Release|Any CPU
		{DD53932B-516F-44AE-9A00-118E303BDE22}.Release|Any CPU.Build.0 = Release|Any CPU
	EndGlobalSection
	GlobalSection(SolutionProperties) = preSolution
		HideSolutionNode = FALSE
	EndGlobalSection
	GlobalSection(ExtensibilityGlobals) = postSolution
		SolutionGuid = {CE48F05B-877F-4CBA-8B6D-9B453F20C416}
	EndGlobalSection
EndGlobal
